
Microsoft Visual Studio Solution File, Format Version 12.00
# Visual Studio 15
VisualStudioVersion = 15.0.28307.136
MinimumVisualStudioVersion = 10.0.40219.1
Project("{F184B08F-C81C-45F6-A57F-5ABD9991F28F}") = "J_D_Calculator", "J_D_Calculator\J_D_Calculator.vbproj", "{295A0A18-77F7-4D07-8021-5E9696A9F833}"
EndProject
Global
	GlobalSection(SolutionConfigurationPlatforms) = preSolution
		Debug|Any CPU = Debug|Any CPU
		Release|Any CPU = Release|Any CPU
	EndGlobalSection
	GlobalSection(ProjectConfigurationPlatforms) = postSolution
		{295A0A18-77F7-4D07-8021-5E9696A9F833}.Debug|Any CPU.ActiveCfg = Debug|Any CPU
		{295A0A18-77F7-4D07-8021-5E9696A9F833}.Debug|Any CPU.Build.0 = Debug|Any CPU
		{295A0A18-77F7-4D07-8021-5E9696A9F833}.Release|Any CPU.ActiveCfg = Release|Any CPU
		{295A0A18-77F7-4D07-8021-5E9696A9F833}.Release|Any CPU.Build.0 = Release|Any CPU
	EndGlobalSection
	GlobalSection(SolutionProperties) = preSolution
		HideSolutionNode = FALSE
	EndGlobalSection
	GlobalSection(ExtensibilityGlobals) = postSolution
		SolutionGuid = {2892B069-DA8D-4004-BDC4-32457E0224AD}
	EndGlobalSection
EndGlobal
